
Microsoft Visual Studio Solution File, Format Version 12.00
# Visual Studio Version 16
VisualStudioVersion = 16.0.30503.244
MinimumVisualStudioVersion = 10.0.40219.1
Project("{9A19103F-16F7-4668-BE54-9A1E7A4F7556}") = "FanLibrary", "FanLibrary\FanLibrary.csproj", "{FE3A97CA-979F-4DE4-B5E0-AEB6FD276483}"
EndProject
Project("{FAE04EC0-301F-11D3-BF4B-00C04F79EFBC}") = "FanOutputUnitTest", "FanOutputUnitTest\FanOutputUnitTest.csproj", "{D78B5770-B342-44E1-B85A-6CF110D01B31}"
EndProject
Global
	GlobalSection(SolutionConfigurationPlatforms) = preSolution
		Debug|Any CPU = Debug|Any CPU
		Release|Any CPU = Release|Any CPU
	EndGlobalSection
	GlobalSection(ProjectConfigurationPlatforms) = postSolution
		{FE3A97CA-979F-4DE4-B5E0-AEB6FD276483}.Debug|Any CPU.ActiveCfg = Debug|Any CPU
		{FE3A97CA-979F-4DE4-B5E0-AEB6FD276483}.Debug|Any CPU.Build.0 = Debug|Any CPU
		{FE3A97CA-979F-4DE4-B5E0-AEB6FD276483}.Release|Any CPU.ActiveCfg = Release|Any CPU
		{FE3A97CA-979F-4DE4-B5E0-AEB6FD276483}.Release|Any CPU.Build.0 = Release|Any CPU
		{D78B5770-B342-44E1-B85A-6CF110D01B31}.Debug|Any CPU.ActiveCfg = Debug|Any CPU
		{D78B5770-B342-44E1-B85A-6CF110D01B31}.Debug|Any CPU.Build.0 = Debug|Any CPU
		{D78B5770-B342-44E1-B85A-6CF110D01B31}.Release|Any CPU.ActiveCfg = Release|Any CPU
		{D78B5770-B342-44E1-B85A-6CF110D01B31}.Release|Any CPU.Build.0 = Release|Any CPU
	EndGlobalSection
	GlobalSection(SolutionProperties) = preSolution
		HideSolutionNode = FALSE
	EndGlobalSection
	GlobalSection(ExtensibilityGlobals) = postSolution
		SolutionGuid = {B59F9D92-AEF8-4476-B59C-E6DCE7042E14}
	EndGlobalSection
EndGlobal
